// !$*UTF8*$!
{
	archiveVersion = 1;
	classes = {
	};
	objectVersion = 56;
	objects = {

/* Begin PBXBuildFile section */
		813200192C7FA522006CAD53 /* CSTVApp.swift in Sources */ = {isa = PBXBuildFile; fileRef = 813200182C7FA522006CAD53 /* CSTVApp.swift */; };
		8132001D2C7FA523006CAD53 /* Assets.xcassets in Resources */ = {isa = PBXBuildFile; fileRef = 8132001C2C7FA523006CAD53 /* Assets.xcassets */; };
		813200202C7FA523006CAD53 /* Preview Assets.xcassets in Resources */ = {isa = PBXBuildFile; fileRef = 8132001F2C7FA523006CAD53 /* Preview Assets.xcassets */; };
		8132002A2C7FA523006CAD53 /* CSTVTests.swift in Sources */ = {isa = PBXBuildFile; fileRef = 813200292C7FA523006CAD53 /* CSTVTests.swift */; };
		813200462C7FAB4E006CAD53 /* MatchesListView.swift in Sources */ = {isa = PBXBuildFile; fileRef = 813200452C7FAB4E006CAD53 /* MatchesListView.swift */; };
		813200492C7FAC3A006CAD53 /* Match.swift in Sources */ = {isa = PBXBuildFile; fileRef = 813200482C7FAC3A006CAD53 /* Match.swift */; };
		8132004B2C7FAD02006CAD53 /* MatchesListViewModel.swift in Sources */ = {isa = PBXBuildFile; fileRef = 8132004A2C7FAD02006CAD53 /* MatchesListViewModel.swift */; };
		8132004E2C7FB1C7006CAD53 /* MatchService.swift in Sources */ = {isa = PBXBuildFile; fileRef = 8132004D2C7FB1C7006CAD53 /* MatchService.swift */; };
		813200522C7FBF09006CAD53 /* NetworkManager.swift in Sources */ = {isa = PBXBuildFile; fileRef = 813200512C7FBF09006CAD53 /* NetworkManager.swift */; };
		813200542C7FF6BB006CAD53 /* League.swift in Sources */ = {isa = PBXBuildFile; fileRef = 813200532C7FF6BB006CAD53 /* League.swift */; };
		813200562C80C2E1006CAD53 /* Serie.swift in Sources */ = {isa = PBXBuildFile; fileRef = 813200552C80C2E1006CAD53 /* Serie.swift */; };
		813200582C80C4AA006CAD53 /* Opponent.swift in Sources */ = {isa = PBXBuildFile; fileRef = 813200572C80C4AA006CAD53 /* Opponent.swift */; };
		8132005A2C80E748006CAD53 /* Status.swift in Sources */ = {isa = PBXBuildFile; fileRef = 813200592C80E748006CAD53 /* Status.swift */; };
		8132005D2C80EC8F006CAD53 /* Date+Extensions.swift in Sources */ = {isa = PBXBuildFile; fileRef = 8132005C2C80EC8E006CAD53 /* Date+Extensions.swift */; };
		8132005F2C813645006CAD53 /* Colors.swift in Sources */ = {isa = PBXBuildFile; fileRef = 8132005E2C813645006CAD53 /* Colors.swift */; };
		813200612C813668006CAD53 /* Colors+Extensions.swift in Sources */ = {isa = PBXBuildFile; fileRef = 813200602C813668006CAD53 /* Colors+Extensions.swift */; };
		813200642C8141BB006CAD53 /* Fonts.swift in Sources */ = {isa = PBXBuildFile; fileRef = 813200632C8141BB006CAD53 /* Fonts.swift */; };
		813200672C815B00006CAD53 /* BottomLeftRoundedRectangle.swift in Sources */ = {isa = PBXBuildFile; fileRef = 813200662C815B00006CAD53 /* BottomLeftRoundedRectangle.swift */; };
		8132006A2C820DDF006CAD53 /* Roboto-Regular.ttf in Resources */ = {isa = PBXBuildFile; fileRef = 813200692C820DDF006CAD53 /* Roboto-Regular.ttf */; };
		8132006C2C820DEE006CAD53 /* Roboto-Medium.ttf in Resources */ = {isa = PBXBuildFile; fileRef = 8132006B2C820DEE006CAD53 /* Roboto-Medium.ttf */; };
		8132006E2C820E72006CAD53 /* Roboto-Bold.ttf in Resources */ = {isa = PBXBuildFile; fileRef = 8132006D2C820E72006CAD53 /* Roboto-Bold.ttf */; };
		813200702C83682C006CAD53 /* String+Extensions.swift in Sources */ = {isa = PBXBuildFile; fileRef = 8132006F2C83682C006CAD53 /* String+Extensions.swift */; };
		813200742C838055006CAD53 /* URL+Extensions.swift in Sources */ = {isa = PBXBuildFile; fileRef = 813200732C838055006CAD53 /* URL+Extensions.swift */; };
		813200772C83D7C4006CAD53 /* MatchDetailView.swift in Sources */ = {isa = PBXBuildFile; fileRef = 813200762C83D7C4006CAD53 /* MatchDetailView.swift */; };
		813200792C83D963006CAD53 /* MatchDetailViewModel.swift in Sources */ = {isa = PBXBuildFile; fileRef = 813200782C83D963006CAD53 /* MatchDetailViewModel.swift */; };
		8132007B2C83EA87006CAD53 /* Images.swift in Sources */ = {isa = PBXBuildFile; fileRef = 8132007A2C83EA87006CAD53 /* Images.swift */; };
		8132007D2C83F1D5006CAD53 /* VersusFlags.swift in Sources */ = {isa = PBXBuildFile; fileRef = 8132007C2C83F1D5006CAD53 /* VersusFlags.swift */; };
		8132007F2C83F23E006CAD53 /* OpponentFlag.swift in Sources */ = {isa = PBXBuildFile; fileRef = 8132007E2C83F23E006CAD53 /* OpponentFlag.swift */; };
		813200812C83F7A8006CAD53 /* PlayerLeadingFlag.swift in Sources */ = {isa = PBXBuildFile; fileRef = 813200802C83F7A8006CAD53 /* PlayerLeadingFlag.swift */; };
		813200832C83FD40006CAD53 /* PlayerTrailingFlag.swift in Sources */ = {isa = PBXBuildFile; fileRef = 813200822C83FD40006CAD53 /* PlayerTrailingFlag.swift */; };
		813200852C85227D006CAD53 /* PlayerService.swift in Sources */ = {isa = PBXBuildFile; fileRef = 813200842C85227D006CAD53 /* PlayerService.swift */; };
		813200872C852A0D006CAD53 /* Player.swift in Sources */ = {isa = PBXBuildFile; fileRef = 813200862C852A0D006CAD53 /* Player.swift */; };
/* End PBXBuildFile section */

/* Begin PBXContainerItemProxy section */
		813200262C7FA523006CAD53 /* PBXContainerItemProxy */ = {
			isa = PBXContainerItemProxy;
			containerPortal = 8132000D2C7FA522006CAD53 /* Project object */;
			proxyType = 1;
			remoteGlobalIDString = 813200142C7FA522006CAD53;
			remoteInfo = CSTV;
		};
/* End PBXContainerItemProxy section */

/* Begin PBXFileReference section */
		813200152C7FA522006CAD53 /* CSTV.app */ = {isa = PBXFileReference; explicitFileType = wrapper.application; includeInIndex = 0; path = CSTV.app; sourceTree = BUILT_PRODUCTS_DIR; };
		813200182C7FA522006CAD53 /* CSTVApp.swift */ = {isa = PBXFileReference; lastKnownFileType = sourcecode.swift; path = CSTVApp.swift; sourceTree = "<group>"; };
		8132001C2C7FA523006CAD53 /* Assets.xcassets */ = {isa = PBXFileReference; lastKnownFileType = folder.assetcatalog; path = Assets.xcassets; sourceTree = "<group>"; };
		8132001F2C7FA523006CAD53 /* Preview Assets.xcassets */ = {isa = PBXFileReference; lastKnownFileType = folder.assetcatalog; path = "Preview Assets.xcassets"; sourceTree = "<group>"; };
		813200252C7FA523006CAD53 /* CSTVTests.xctest */ = {isa = PBXFileReference; explicitFileType = wrapper.cfbundle; includeInIndex = 0; path = CSTVTests.xctest; sourceTree = BUILT_PRODUCTS_DIR; };
		813200292C7FA523006CAD53 /* CSTVTests.swift */ = {isa = PBXFileReference; lastKnownFileType = sourcecode.swift; path = CSTVTests.swift; sourceTree = "<group>"; };
		813200452C7FAB4E006CAD53 /* MatchesListView.swift */ = {isa = PBXFileReference; lastKnownFileType = sourcecode.swift; path = MatchesListView.swift; sourceTree = "<group>"; };
		813200482C7FAC3A006CAD53 /* Match.swift */ = {isa = PBXFileReference; lastKnownFileType = sourcecode.swift; path = Match.swift; sourceTree = "<group>"; };
		8132004A2C7FAD02006CAD53 /* MatchesListViewModel.swift */ = {isa = PBXFileReference; lastKnownFileType = sourcecode.swift; path = MatchesListViewModel.swift; sourceTree = "<group>"; };
		8132004D2C7FB1C7006CAD53 /* MatchService.swift */ = {isa = PBXFileReference; lastKnownFileType = sourcecode.swift; path = MatchService.swift; sourceTree = "<group>"; };
		813200512C7FBF09006CAD53 /* NetworkManager.swift */ = {isa = PBXFileReference; lastKnownFileType = sourcecode.swift; path = NetworkManager.swift; sourceTree = "<group>"; };
		813200532C7FF6BB006CAD53 /* League.swift */ = {isa = PBXFileReference; lastKnownFileType = sourcecode.swift; path = League.swift; sourceTree = "<group>"; };
		813200552C80C2E1006CAD53 /* Serie.swift */ = {isa = PBXFileReference; lastKnownFileType = sourcecode.swift; path = Serie.swift; sourceTree = "<group>"; };
		813200572C80C4AA006CAD53 /* Opponent.swift */ = {isa = PBXFileReference; lastKnownFileType = sourcecode.swift; path = Opponent.swift; sourceTree = "<group>"; };
		813200592C80E748006CAD53 /* Status.swift */ = {isa = PBXFileReference; lastKnownFileType = sourcecode.swift; path = Status.swift; sourceTree = "<group>"; };
		8132005C2C80EC8E006CAD53 /* Date+Extensions.swift */ = {isa = PBXFileReference; lastKnownFileType = sourcecode.swift; path = "Date+Extensions.swift"; sourceTree = "<group>"; };
		8132005E2C813645006CAD53 /* Colors.swift */ = {isa = PBXFileReference; lastKnownFileType = sourcecode.swift; path = Colors.swift; sourceTree = "<group>"; };
		813200602C813668006CAD53 /* Colors+Extensions.swift */ = {isa = PBXFileReference; lastKnownFileType = sourcecode.swift; path = "Colors+Extensions.swift"; sourceTree = "<group>"; };
		813200622C813956006CAD53 /* Info.plist */ = {isa = PBXFileReference; lastKnownFileType = text.plist; path = Info.plist; sourceTree = "<group>"; };
		813200632C8141BB006CAD53 /* Fonts.swift */ = {isa = PBXFileReference; lastKnownFileType = sourcecode.swift; path = Fonts.swift; sourceTree = "<group>"; };
		813200662C815B00006CAD53 /* BottomLeftRoundedRectangle.swift */ = {isa = PBXFileReference; lastKnownFileType = sourcecode.swift; path = BottomLeftRoundedRectangle.swift; sourceTree = "<group>"; };
		813200692C820DDF006CAD53 /* Roboto-Regular.ttf */ = {isa = PBXFileReference; lastKnownFileType = file; path = "Roboto-Regular.ttf"; sourceTree = "<group>"; };
		8132006B2C820DEE006CAD53 /* Roboto-Medium.ttf */ = {isa = PBXFileReference; lastKnownFileType = file; path = "Roboto-Medium.ttf"; sourceTree = "<group>"; };
		8132006D2C820E72006CAD53 /* Roboto-Bold.ttf */ = {isa = PBXFileReference; lastKnownFileType = file; path = "Roboto-Bold.ttf"; sourceTree = "<group>"; };
		8132006F2C83682C006CAD53 /* String+Extensions.swift */ = {isa = PBXFileReference; lastKnownFileType = sourcecode.swift; path = "String+Extensions.swift"; sourceTree = "<group>"; };
		813200732C838055006CAD53 /* URL+Extensions.swift */ = {isa = PBXFileReference; lastKnownFileType = sourcecode.swift; path = "URL+Extensions.swift"; sourceTree = "<group>"; };
		813200762C83D7C4006CAD53 /* MatchDetailView.swift */ = {isa = PBXFileReference; lastKnownFileType = sourcecode.swift; path = MatchDetailView.swift; sourceTree = "<group>"; };
		813200782C83D963006CAD53 /* MatchDetailViewModel.swift */ = {isa = PBXFileReference; lastKnownFileType = sourcecode.swift; path = MatchDetailViewModel.swift; sourceTree = "<group>"; };
		8132007A2C83EA87006CAD53 /* Images.swift */ = {isa = PBXFileReference; lastKnownFileType = sourcecode.swift; path = Images.swift; sourceTree = "<group>"; };
		8132007C2C83F1D5006CAD53 /* VersusFlags.swift */ = {isa = PBXFileReference; lastKnownFileType = sourcecode.swift; path = VersusFlags.swift; sourceTree = "<group>"; };
		8132007E2C83F23E006CAD53 /* OpponentFlag.swift */ = {isa = PBXFileReference; lastKnownFileType = sourcecode.swift; path = OpponentFlag.swift; sourceTree = "<group>"; };
		813200802C83F7A8006CAD53 /* PlayerLeadingFlag.swift */ = {isa = PBXFileReference; lastKnownFileType = sourcecode.swift; path = PlayerLeadingFlag.swift; sourceTree = "<group>"; };
		813200822C83FD40006CAD53 /* PlayerTrailingFlag.swift */ = {isa = PBXFileReference; lastKnownFileType = sourcecode.swift; path = PlayerTrailingFlag.swift; sourceTree = "<group>"; };
		813200842C85227D006CAD53 /* PlayerService.swift */ = {isa = PBXFileReference; lastKnownFileType = sourcecode.swift; path = PlayerService.swift; sourceTree = "<group>"; };
		813200862C852A0D006CAD53 /* Player.swift */ = {isa = PBXFileReference; lastKnownFileType = sourcecode.swift; path = Player.swift; sourceTree = "<group>"; };
/* End PBXFileReference section */

/* Begin PBXFrameworksBuildPhase section */
		813200122C7FA522006CAD53 /* Frameworks */ = {
			isa = PBXFrameworksBuildPhase;
			buildActionMask = 2147483647;
			files = (
			);
			runOnlyForDeploymentPostprocessing = 0;
		};
		813200222C7FA523006CAD53 /* Frameworks */ = {
			isa = PBXFrameworksBuildPhase;
			buildActionMask = 2147483647;
			files = (
			);
			runOnlyForDeploymentPostprocessing = 0;
		};
/* End PBXFrameworksBuildPhase section */

/* Begin PBXGroup section */
		8132000C2C7FA522006CAD53 = {
			isa = PBXGroup;
			children = (
				813200172C7FA522006CAD53 /* CSTV */,
				813200282C7FA523006CAD53 /* CSTVTests */,
				813200162C7FA522006CAD53 /* Products */,
			);
			sourceTree = "<group>";
		};
		813200162C7FA522006CAD53 /* Products */ = {
			isa = PBXGroup;
			children = (
				813200152C7FA522006CAD53 /* CSTV.app */,
				813200252C7FA523006CAD53 /* CSTVTests.xctest */,
			);
			name = Products;
			sourceTree = "<group>";
		};
		813200172C7FA522006CAD53 /* CSTV */ = {
			isa = PBXGroup;
			children = (
				813200622C813956006CAD53 /* Info.plist */,
				813200182C7FA522006CAD53 /* CSTVApp.swift */,
				813200422C7FA9EC006CAD53 /* Screens */,
				813200472C7FAC28006CAD53 /* Model */,
				8132004C2C7FB0C8006CAD53 /* Service */,
				813200432C7FAADE006CAD53 /* Resources */,
				8132005B2C80EC6E006CAD53 /* Extensions */,
			);
			path = CSTV;
			sourceTree = "<group>";
		};
		8132001E2C7FA523006CAD53 /* Preview Content */ = {
			isa = PBXGroup;
			children = (
				8132001F2C7FA523006CAD53 /* Preview Assets.xcassets */,
			);
			path = "Preview Content";
			sourceTree = "<group>";
		};
		813200282C7FA523006CAD53 /* CSTVTests */ = {
			isa = PBXGroup;
			children = (
				813200292C7FA523006CAD53 /* CSTVTests.swift */,
			);
			path = CSTVTests;
			sourceTree = "<group>";
		};
		813200422C7FA9EC006CAD53 /* Screens */ = {
			isa = PBXGroup;
			children = (
				813200652C815AC7006CAD53 /* CustomComponents */,
				813200442C7FAB39006CAD53 /* MatchesList */,
				813200752C83D792006CAD53 /* MatchDetail */,
			);
			path = Screens;
			sourceTree = "<group>";
		};
		813200432C7FAADE006CAD53 /* Resources */ = {
			isa = PBXGroup;
			children = (
				8132005E2C813645006CAD53 /* Colors.swift */,
				813200682C820C46006CAD53 /* Fonts */,
				8132001C2C7FA523006CAD53 /* Assets.xcassets */,
				8132001E2C7FA523006CAD53 /* Preview Content */,
				8132007A2C83EA87006CAD53 /* Images.swift */,
			);
			path = Resources;
			sourceTree = "<group>";
		};
		813200442C7FAB39006CAD53 /* MatchesList */ = {
			isa = PBXGroup;
			children = (
				813200452C7FAB4E006CAD53 /* MatchesListView.swift */,
				8132004A2C7FAD02006CAD53 /* MatchesListViewModel.swift */,
			);
			path = MatchesList;
			sourceTree = "<group>";
		};
		813200472C7FAC28006CAD53 /* Model */ = {
			isa = PBXGroup;
			children = (
				813200482C7FAC3A006CAD53 /* Match.swift */,
				813200532C7FF6BB006CAD53 /* League.swift */,
				813200552C80C2E1006CAD53 /* Serie.swift */,
				813200572C80C4AA006CAD53 /* Opponent.swift */,
				813200592C80E748006CAD53 /* Status.swift */,
				813200862C852A0D006CAD53 /* Player.swift */,
			);
			path = Model;
			sourceTree = "<group>";
		};
		8132004C2C7FB0C8006CAD53 /* Service */ = {
			isa = PBXGroup;
			children = (
				813200512C7FBF09006CAD53 /* NetworkManager.swift */,
				8132004D2C7FB1C7006CAD53 /* MatchService.swift */,
				813200842C85227D006CAD53 /* PlayerService.swift */,
			);
			path = Service;
			sourceTree = "<group>";
		};
		8132005B2C80EC6E006CAD53 /* Extensions */ = {
			isa = PBXGroup;
			children = (
				8132005C2C80EC8E006CAD53 /* Date+Extensions.swift */,
				813200602C813668006CAD53 /* Colors+Extensions.swift */,
				8132006F2C83682C006CAD53 /* String+Extensions.swift */,
				813200732C838055006CAD53 /* URL+Extensions.swift */,
			);
			path = Extensions;
			sourceTree = "<group>";
		};
		813200652C815AC7006CAD53 /* CustomComponents */ = {
			isa = PBXGroup;
			children = (
				813200662C815B00006CAD53 /* BottomLeftRoundedRectangle.swift */,
				8132007C2C83F1D5006CAD53 /* VersusFlags.swift */,
				8132007E2C83F23E006CAD53 /* OpponentFlag.swift */,
				813200802C83F7A8006CAD53 /* PlayerLeadingFlag.swift */,
				813200822C83FD40006CAD53 /* PlayerTrailingFlag.swift */,
			);
			path = CustomComponents;
			sourceTree = "<group>";
		};
		813200682C820C46006CAD53 /* Fonts */ = {
			isa = PBXGroup;
			children = (
				813200632C8141BB006CAD53 /* Fonts.swift */,
				813200692C820DDF006CAD53 /* Roboto-Regular.ttf */,
				8132006B2C820DEE006CAD53 /* Roboto-Medium.ttf */,
				8132006D2C820E72006CAD53 /* Roboto-Bold.ttf */,
			);
			path = Fonts;
			sourceTree = "<group>";
		};
		813200752C83D792006CAD53 /* MatchDetail */ = {
			isa = PBXGroup;
			children = (
				813200762C83D7C4006CAD53 /* MatchDetailView.swift */,
				813200782C83D963006CAD53 /* MatchDetailViewModel.swift */,
			);
			path = MatchDetail;
			sourceTree = "<group>";
		};
/* End PBXGroup section */

/* Begin PBXNativeTarget section */
		813200142C7FA522006CAD53 /* CSTV */ = {
			isa = PBXNativeTarget;
			buildConfigurationList = 813200392C7FA523006CAD53 /* Build configuration list for PBXNativeTarget "CSTV" */;
			buildPhases = (
				813200112C7FA522006CAD53 /* Sources */,
				813200122C7FA522006CAD53 /* Frameworks */,
				813200132C7FA522006CAD53 /* Resources */,
			);
			buildRules = (
			);
			dependencies = (
			);
			name = CSTV;
			productName = CSTV;
			productReference = 813200152C7FA522006CAD53 /* CSTV.app */;
			productType = "com.apple.product-type.application";
		};
		813200242C7FA523006CAD53 /* CSTVTests */ = {
			isa = PBXNativeTarget;
			buildConfigurationList = 8132003C2C7FA523006CAD53 /* Build configuration list for PBXNativeTarget "CSTVTests" */;
			buildPhases = (
				813200212C7FA523006CAD53 /* Sources */,
				813200222C7FA523006CAD53 /* Frameworks */,
				813200232C7FA523006CAD53 /* Resources */,
			);
			buildRules = (
			);
			dependencies = (
				813200272C7FA523006CAD53 /* PBXTargetDependency */,
			);
			name = CSTVTests;
			productName = CSTVTests;
			productReference = 813200252C7FA523006CAD53 /* CSTVTests.xctest */;
			productType = "com.apple.product-type.bundle.unit-test";
		};
/* End PBXNativeTarget section */

/* Begin PBXProject section */
		8132000D2C7FA522006CAD53 /* Project object */ = {
			isa = PBXProject;
			attributes = {
				BuildIndependentTargetsInParallel = 1;
				LastSwiftUpdateCheck = 1540;
				LastUpgradeCheck = 1540;
				TargetAttributes = {
					813200142C7FA522006CAD53 = {
						CreatedOnToolsVersion = 15.4;
					};
					813200242C7FA523006CAD53 = {
						CreatedOnToolsVersion = 15.4;
						TestTargetID = 813200142C7FA522006CAD53;
					};
				};
			};
			buildConfigurationList = 813200102C7FA522006CAD53 /* Build configuration list for PBXProject "CSTV" */;
			compatibilityVersion = "Xcode 14.0";
			developmentRegion = en;
			hasScannedForEncodings = 0;
			knownRegions = (
				en,
				Base,
			);
			mainGroup = 8132000C2C7FA522006CAD53;
			productRefGroup = 813200162C7FA522006CAD53 /* Products */;
			projectDirPath = "";
			projectRoot = "";
			targets = (
				813200142C7FA522006CAD53 /* CSTV */,
				813200242C7FA523006CAD53 /* CSTVTests */,
			);
		};
/* End PBXProject section */

/* Begin PBXResourcesBuildPhase section */
		813200132C7FA522006CAD53 /* Resources */ = {
			isa = PBXResourcesBuildPhase;
			buildActionMask = 2147483647;
			files = (
				8132006C2C820DEE006CAD53 /* Roboto-Medium.ttf in Resources */,
				8132006A2C820DDF006CAD53 /* Roboto-Regular.ttf in Resources */,
				8132006E2C820E72006CAD53 /* Roboto-Bold.ttf in Resources */,
				813200202C7FA523006CAD53 /* Preview Assets.xcassets in Resources */,
				8132001D2C7FA523006CAD53 /* Assets.xcassets in Resources */,
			);
			runOnlyForDeploymentPostprocessing = 0;
		};
		813200232C7FA523006CAD53 /* Resources */ = {
			isa = PBXResourcesBuildPhase;
			buildActionMask = 2147483647;
			files = (
			);
			runOnlyForDeploymentPostprocessing = 0;
		};
/* End PBXResourcesBuildPhase section */

/* Begin PBXSourcesBuildPhase section */
		813200112C7FA522006CAD53 /* Sources */ = {
			isa = PBXSourcesBuildPhase;
			buildActionMask = 2147483647;
			files = (
				813200742C838055006CAD53 /* URL+Extensions.swift in Sources */,
				813200772C83D7C4006CAD53 /* MatchDetailView.swift in Sources */,
				813200672C815B00006CAD53 /* BottomLeftRoundedRectangle.swift in Sources */,
				813200642C8141BB006CAD53 /* Fonts.swift in Sources */,
				813200542C7FF6BB006CAD53 /* League.swift in Sources */,
				8132005F2C813645006CAD53 /* Colors.swift in Sources */,
				813200792C83D963006CAD53 /* MatchDetailViewModel.swift in Sources */,
				813200702C83682C006CAD53 /* String+Extensions.swift in Sources */,
				8132005D2C80EC8F006CAD53 /* Date+Extensions.swift in Sources */,
				8132005A2C80E748006CAD53 /* Status.swift in Sources */,
				813200522C7FBF09006CAD53 /* NetworkManager.swift in Sources */,
				813200462C7FAB4E006CAD53 /* MatchesListView.swift in Sources */,
				813200832C83FD40006CAD53 /* PlayerTrailingFlag.swift in Sources */,
				813200812C83F7A8006CAD53 /* PlayerLeadingFlag.swift in Sources */,
				813200192C7FA522006CAD53 /* CSTVApp.swift in Sources */,
				8132007D2C83F1D5006CAD53 /* VersusFlags.swift in Sources */,
				813200582C80C4AA006CAD53 /* Opponent.swift in Sources */,
				8132004B2C7FAD02006CAD53 /* MatchesListViewModel.swift in Sources */,
				813200872C852A0D006CAD53 /* Player.swift in Sources */,
				8132004E2C7FB1C7006CAD53 /* MatchService.swift in Sources */,
				813200612C813668006CAD53 /* Colors+Extensions.swift in Sources */,
				8132007B2C83EA87006CAD53 /* Images.swift in Sources */,
				813200852C85227D006CAD53 /* PlayerService.swift in Sources */,
				813200562C80C2E1006CAD53 /* Serie.swift in Sources */,
				8132007F2C83F23E006CAD53 /* OpponentFlag.swift in Sources */,
				813200492C7FAC3A006CAD53 /* Match.swift in Sources */,
			);
			runOnlyForDeploymentPostprocessing = 0;
		};
		813200212C7FA523006CAD53 /* Sources */ = {
			isa = PBXSourcesBuildPhase;
			buildActionMask = 2147483647;
			files = (
				8132002A2C7FA523006CAD53 /* CSTVTests.swift in Sources */,
			);
			runOnlyForDeploymentPostprocessing = 0;
		};
/* End PBXSourcesBuildPhase section */

/* Begin PBXTargetDependency section */
		813200272C7FA523006CAD53 /* PBXTargetDependency */ = {
			isa = PBXTargetDependency;
			target = 813200142C7FA522006CAD53 /* CSTV */;
			targetProxy = 813200262C7FA523006CAD53 /* PBXContainerItemProxy */;
		};
/* End PBXTargetDependency section */

/* Begin XCBuildConfiguration section */
		813200372C7FA523006CAD53 /* Debug */ = {
			isa = XCBuildConfiguration;
			buildSettings = {
				ALWAYS_SEARCH_USER_PATHS = NO;
				ASSETCATALOG_COMPILER_GENERATE_SWIFT_ASSET_SYMBOL_EXTENSIONS = YES;
				CLANG_ANALYZER_NONNULL = YES;
				CLANG_ANALYZER_NUMBER_OBJECT_CONVERSION = YES_AGGRESSIVE;
				CLANG_CXX_LANGUAGE_STANDARD = "gnu++20";
				CLANG_ENABLE_MODULES = YES;
				CLANG_ENABLE_OBJC_ARC = YES;
				CLANG_ENABLE_OBJC_WEAK = YES;
				CLANG_WARN_BLOCK_CAPTURE_AUTORELEASING = YES;
				CLANG_WARN_BOOL_CONVERSION = YES;
				CLANG_WARN_COMMA = YES;
				CLANG_WARN_CONSTANT_CONVERSION = YES;
				CLANG_WARN_DEPRECATED_OBJC_IMPLEMENTATIONS = YES;
				CLANG_WARN_DIRECT_OBJC_ISA_USAGE = YES_ERROR;
				CLANG_WARN_DOCUMENTATION_COMMENTS = YES;
				CLANG_WARN_EMPTY_BODY = YES;
				CLANG_WARN_ENUM_CONVERSION = YES;
				CLANG_WARN_INFINITE_RECURSION = YES;
				CLANG_WARN_INT_CONVERSION = YES;
				CLANG_WARN_NON_LITERAL_NULL_CONVERSION = YES;
				CLANG_WARN_OBJC_IMPLICIT_RETAIN_SELF = YES;
				CLANG_WARN_OBJC_LITERAL_CONVERSION = YES;
				CLANG_WARN_OBJC_ROOT_CLASS = YES_ERROR;
				CLANG_WARN_QUOTED_INCLUDE_IN_FRAMEWORK_HEADER = YES;
				CLANG_WARN_RANGE_LOOP_ANALYSIS = YES;
				CLANG_WARN_STRICT_PROTOTYPES = YES;
				CLANG_WARN_SUSPICIOUS_MOVE = YES;
				CLANG_WARN_UNGUARDED_AVAILABILITY = YES_AGGRESSIVE;
				CLANG_WARN_UNREACHABLE_CODE = YES;
				CLANG_WARN__DUPLICATE_METHOD_MATCH = YES;
				COPY_PHASE_STRIP = NO;
				DEBUG_INFORMATION_FORMAT = dwarf;
				ENABLE_STRICT_OBJC_MSGSEND = YES;
				ENABLE_TESTABILITY = YES;
				ENABLE_USER_SCRIPT_SANDBOXING = YES;
				GCC_C_LANGUAGE_STANDARD = gnu17;
				GCC_DYNAMIC_NO_PIC = NO;
				GCC_NO_COMMON_BLOCKS = YES;
				GCC_OPTIMIZATION_LEVEL = 0;
				GCC_PREPROCESSOR_DEFINITIONS = (
					"DEBUG=1",
					"$(inherited)",
				);
				GCC_WARN_64_TO_32_BIT_CONVERSION = YES;
				GCC_WARN_ABOUT_RETURN_TYPE = YES_ERROR;
				GCC_WARN_UNDECLARED_SELECTOR = YES;
				GCC_WARN_UNINITIALIZED_AUTOS = YES_AGGRESSIVE;
				GCC_WARN_UNUSED_FUNCTION = YES;
				GCC_WARN_UNUSED_VARIABLE = YES;
				IPHONEOS_DEPLOYMENT_TARGET = 17.5;
				LOCALIZATION_PREFERS_STRING_CATALOGS = YES;
				MTL_ENABLE_DEBUG_INFO = INCLUDE_SOURCE;
				MTL_FAST_MATH = YES;
				ONLY_ACTIVE_ARCH = YES;
				SDKROOT = iphoneos;
				SWIFT_ACTIVE_COMPILATION_CONDITIONS = "DEBUG $(inherited)";
				SWIFT_OPTIMIZATION_LEVEL = "-Onone";
			};
			name = Debug;
		};
		813200382C7FA523006CAD53 /* Release */ = {
			isa = XCBuildConfiguration;
			buildSettings = {
				ALWAYS_SEARCH_USER_PATHS = NO;
				ASSETCATALOG_COMPILER_GENERATE_SWIFT_ASSET_SYMBOL_EXTENSIONS = YES;
				CLANG_ANALYZER_NONNULL = YES;
				CLANG_ANALYZER_NUMBER_OBJECT_CONVERSION = YES_AGGRESSIVE;
				CLANG_CXX_LANGUAGE_STANDARD = "gnu++20";
				CLANG_ENABLE_MODULES = YES;
				CLANG_ENABLE_OBJC_ARC = YES;
				CLANG_ENABLE_OBJC_WEAK = YES;
				CLANG_WARN_BLOCK_CAPTURE_AUTORELEASING = YES;
				CLANG_WARN_BOOL_CONVERSION = YES;
				CLANG_WARN_COMMA = YES;
				CLANG_WARN_CONSTANT_CONVERSION = YES;
				CLANG_WARN_DEPRECATED_OBJC_IMPLEMENTATIONS = YES;
				CLANG_WARN_DIRECT_OBJC_ISA_USAGE = YES_ERROR;
				CLANG_WARN_DOCUMENTATION_COMMENTS = YES;
				CLANG_WARN_EMPTY_BODY = YES;
				CLANG_WARN_ENUM_CONVERSION = YES;
				CLANG_WARN_INFINITE_RECURSION = YES;
				CLANG_WARN_INT_CONVERSION = YES;
				CLANG_WARN_NON_LITERAL_NULL_CONVERSION = YES;
				CLANG_WARN_OBJC_IMPLICIT_RETAIN_SELF = YES;
				CLANG_WARN_OBJC_LITERAL_CONVERSION = YES;
				CLANG_WARN_OBJC_ROOT_CLASS = YES_ERROR;
				CLANG_WARN_QUOTED_INCLUDE_IN_FRAMEWORK_HEADER = YES;
				CLANG_WARN_RANGE_LOOP_ANALYSIS = YES;
				CLANG_WARN_STRICT_PROTOTYPES = YES;
				CLANG_WARN_SUSPICIOUS_MOVE = YES;
				CLANG_WARN_UNGUARDED_AVAILABILITY = YES_AGGRESSIVE;
				CLANG_WARN_UNREACHABLE_CODE = YES;
				CLANG_WARN__DUPLICATE_METHOD_MATCH = YES;
				COPY_PHASE_STRIP = NO;
				DEBUG_INFORMATION_FORMAT = "dwarf-with-dsym";
				ENABLE_NS_ASSERTIONS = NO;
				ENABLE_STRICT_OBJC_MSGSEND = YES;
				ENABLE_USER_SCRIPT_SANDBOXING = YES;
				GCC_C_LANGUAGE_STANDARD = gnu17;
				GCC_NO_COMMON_BLOCKS = YES;
				GCC_WARN_64_TO_32_BIT_CONVERSION = YES;
				GCC_WARN_ABOUT_RETURN_TYPE = YES_ERROR;
				GCC_WARN_UNDECLARED_SELECTOR = YES;
				GCC_WARN_UNINITIALIZED_AUTOS = YES_AGGRESSIVE;
				GCC_WARN_UNUSED_FUNCTION = YES;
				GCC_WARN_UNUSED_VARIABLE = YES;
				IPHONEOS_DEPLOYMENT_TARGET = 17.5;
				LOCALIZATION_PREFERS_STRING_CATALOGS = YES;
				MTL_ENABLE_DEBUG_INFO = NO;
				MTL_FAST_MATH = YES;
				SDKROOT = iphoneos;
				SWIFT_COMPILATION_MODE = wholemodule;
				VALIDATE_PRODUCT = YES;
			};
			name = Release;
		};
		8132003A2C7FA523006CAD53 /* Debug */ = {
			isa = XCBuildConfiguration;
			buildSettings = {
				ASSETCATALOG_COMPILER_APPICON_NAME = AppIcon;
				ASSETCATALOG_COMPILER_GLOBAL_ACCENT_COLOR_NAME = AccentColor;
				CODE_SIGN_STYLE = Automatic;
				CURRENT_PROJECT_VERSION = 1;
				DEVELOPMENT_ASSET_PATHS = "\"CSTV/Resources/Preview Content\"";
				DEVELOPMENT_TEAM = S67GUZ7P6T;
				ENABLE_PREVIEWS = YES;
				GENERATE_INFOPLIST_FILE = YES;
				INFOPLIST_FILE = CSTV/Info.plist;
				INFOPLIST_KEY_UIApplicationSceneManifest_Generation = YES;
				INFOPLIST_KEY_UIApplicationSupportsIndirectInputEvents = YES;
				INFOPLIST_KEY_UILaunchScreen_Generation = YES;
				INFOPLIST_KEY_UISupportedInterfaceOrientations = UIInterfaceOrientationPortrait;
				INFOPLIST_KEY_UIUserInterfaceStyle = Dark;
				LD_RUNPATH_SEARCH_PATHS = (
					"$(inherited)",
					"@executable_path/Frameworks",
				);
				MARKETING_VERSION = 1.0;
				PRODUCT_BUNDLE_IDENTIFIER = com.joaotribuzy.CSTV;
				PRODUCT_NAME = "$(TARGET_NAME)";
				SWIFT_EMIT_LOC_STRINGS = YES;
				SWIFT_VERSION = 5.0;
				TARGETED_DEVICE_FAMILY = "1,2";
			};
			name = Debug;
		};
		8132003B2C7FA523006CAD53 /* Release */ = {
			isa = XCBuildConfiguration;
			buildSettings = {
				ASSETCATALOG_COMPILER_APPICON_NAME = AppIcon;
				ASSETCATALOG_COMPILER_GLOBAL_ACCENT_COLOR_NAME = AccentColor;
				CODE_SIGN_STYLE = Automatic;
				CURRENT_PROJECT_VERSION = 1;
				DEVELOPMENT_ASSET_PATHS = "\"CSTV/Resources/Preview Content\"";
				DEVELOPMENT_TEAM = S67GUZ7P6T;
				ENABLE_PREVIEWS = YES;
				GENERATE_INFOPLIST_FILE = YES;
				INFOPLIST_FILE = CSTV/Info.plist;
				INFOPLIST_KEY_UIApplicationSceneManifest_Generation = YES;
				INFOPLIST_KEY_UIApplicationSupportsIndirectInputEvents = YES;
				INFOPLIST_KEY_UILaunchScreen_Generation = YES;
				INFOPLIST_KEY_UISupportedInterfaceOrientations = UIInterfaceOrientationPortrait;
				INFOPLIST_KEY_UIUserInterfaceStyle = Dark;
				LD_RUNPATH_SEARCH_PATHS = (
					"$(inherited)",
					"@executable_path/Frameworks",
				);
				MARKETING_VERSION = 1.0;
				PRODUCT_BUNDLE_IDENTIFIER = com.joaotribuzy.CSTV;
				PRODUCT_NAME = "$(TARGET_NAME)";
				SWIFT_EMIT_LOC_STRINGS = YES;
				SWIFT_VERSION = 5.0;
				TARGETED_DEVICE_FAMILY = "1,2";
			};
			name = Release;
		};
		8132003D2C7FA523006CAD53 /* Debug */ = {
			isa = XCBuildConfiguration;
			buildSettings = {
				ALWAYS_EMBED_SWIFT_STANDARD_LIBRARIES = YES;
				BUNDLE_LOADER = "$(TEST_HOST)";
				CODE_SIGN_STYLE = Automatic;
				CURRENT_PROJECT_VERSION = 1;
				DEVELOPMENT_TEAM = S67GUZ7P6T;
				GENERATE_INFOPLIST_FILE = YES;
				IPHONEOS_DEPLOYMENT_TARGET = 17.5;
				MARKETING_VERSION = 1.0;
				PRODUCT_BUNDLE_IDENTIFIER = com.joaotribuzy.CSTVTests;
				PRODUCT_NAME = "$(TARGET_NAME)";
				SWIFT_EMIT_LOC_STRINGS = NO;
				SWIFT_VERSION = 5.0;
				TARGETED_DEVICE_FAMILY = "1,2";
				TEST_HOST = "$(BUILT_PRODUCTS_DIR)/CSTV.app/$(BUNDLE_EXECUTABLE_FOLDER_PATH)/CSTV";
			};
			name = Debug;
		};
		8132003E2C7FA523006CAD53 /* Release */ = {
			isa = XCBuildConfiguration;
			buildSettings = {
				ALWAYS_EMBED_SWIFT_STANDARD_LIBRARIES = YES;
				BUNDLE_LOADER = "$(TEST_HOST)";
				CODE_SIGN_STYLE = Automatic;
				CURRENT_PROJECT_VERSION = 1;
				DEVELOPMENT_TEAM = S67GUZ7P6T;
				GENERATE_INFOPLIST_FILE = YES;
				IPHONEOS_DEPLOYMENT_TARGET = 17.5;
				MARKETING_VERSION = 1.0;
				PRODUCT_BUNDLE_IDENTIFIER = com.joaotribuzy.CSTVTests;
				PRODUCT_NAME = "$(TARGET_NAME)";
				SWIFT_EMIT_LOC_STRINGS = NO;
				SWIFT_VERSION = 5.0;
				TARGETED_DEVICE_FAMILY = "1,2";
				TEST_HOST = "$(BUILT_PRODUCTS_DIR)/CSTV.app/$(BUNDLE_EXECUTABLE_FOLDER_PATH)/CSTV";
			};
			name = Release;
		};
/* End XCBuildConfiguration section */

/* Begin XCConfigurationList section */
		813200102C7FA522006CAD53 /* Build configuration list for PBXProject "CSTV" */ = {
			isa = XCConfigurationList;
			buildConfigurations = (
				813200372C7FA523006CAD53 /* Debug */,
				813200382C7FA523006CAD53 /* Release */,
			);
			defaultConfigurationIsVisible = 0;
			defaultConfigurationName = Release;
		};
		813200392C7FA523006CAD53 /* Build configuration list for PBXNativeTarget "CSTV" */ = {
			isa = XCConfigurationList;
			buildConfigurations = (
				8132003A2C7FA523006CAD53 /* Debug */,
				8132003B2C7FA523006CAD53 /* Release */,
			);
			defaultConfigurationIsVisible = 0;
			defaultConfigurationName = Release;
		};
		8132003C2C7FA523006CAD53 /* Build configuration list for PBXNativeTarget "CSTVTests" */ = {
			isa = XCConfigurationList;
			buildConfigurations = (
				8132003D2C7FA523006CAD53 /* Debug */,
				8132003E2C7FA523006CAD53 /* Release */,
			);
			defaultConfigurationIsVisible = 0;
			defaultConfigurationName = Release;
		};
/* End XCConfigurationList section */
	};
	rootObject = 8132000D2C7FA522006CAD53 /* Project object */;
}
